// !$*UTF8*$!
{
	archiveVersion = 1;
	classes = {
	};
	objectVersion = 55;
	objects = {

/* Begin PBXBuildFile section */
		3FD372872899DC4000EA1838 /* AppDelegate.swift in Sources */ = {isa = PBXBuildFile; fileRef = 3FD372862899DC4000EA1838 /* AppDelegate.swift */; };
		3FD372892899DC4000EA1838 /* SceneDelegate.swift in Sources */ = {isa = PBXBuildFile; fileRef = 3FD372882899DC4000EA1838 /* SceneDelegate.swift */; };
		3FD3728B2899DC4000EA1838 /* HomePgViewController.swift in Sources */ = {isa = PBXBuildFile; fileRef = 3FD3728A2899DC4000EA1838 /* HomePgViewController.swift */; };
		3FD3728E2899DC4000EA1838 /* Main.storyboard in Resources */ = {isa = PBXBuildFile; fileRef = 3FD3728C2899DC4000EA1838 /* Main.storyboard */; };
		3FD372902899DC4200EA1838 /* Assets.xcassets in Resources */ = {isa = PBXBuildFile; fileRef = 3FD3728F2899DC4200EA1838 /* Assets.xcassets */; };
		3FD372932899DC4200EA1838 /* LaunchScreen.storyboard in Resources */ = {isa = PBXBuildFile; fileRef = 3FD372912899DC4200EA1838 /* LaunchScreen.storyboard */; };
		3FD3729E2899DC4200EA1838 /* RacingAgainstExctionTests.swift in Sources */ = {isa = PBXBuildFile; fileRef = 3FD3729D2899DC4200EA1838 /* RacingAgainstExctionTests.swift */; };
		3FD372A82899DC4200EA1838 /* RacingAgainstExctionUITests.swift in Sources */ = {isa = PBXBuildFile; fileRef = 3FD372A72899DC4200EA1838 /* RacingAgainstExctionUITests.swift */; };
		3FD372AA2899DC4200EA1838 /* RacingAgainstExctionUITestsLaunchTests.swift in Sources */ = {isa = PBXBuildFile; fileRef = 3FD372A92899DC4200EA1838 /* RacingAgainstExctionUITestsLaunchTests.swift */; };
		3FD372B72899F22B00EA1838 /* HpQuote.swift in Sources */ = {isa = PBXBuildFile; fileRef = 3FD372B62899F22B00EA1838 /* HpQuote.swift */; };
		3FD372B9289A207D00EA1838 /* AnimalTableViewController.swift in Sources */ = {isa = PBXBuildFile; fileRef = 3FD372B8289A207D00EA1838 /* AnimalTableViewController.swift */; };
		3FD372BB289A215900EA1838 /* AnimalTableViewCell.swift in Sources */ = {isa = PBXBuildFile; fileRef = 3FD372BA289A215900EA1838 /* AnimalTableViewCell.swift */; };
		3FD372F9289AC8D500EA1838 /* Animal.swift in Sources */ = {isa = PBXBuildFile; fileRef = 3FD372F8289AC8D500EA1838 /* Animal.swift */; };
		3FD372FB289ACBF700EA1838 /* DetailViewController.swift in Sources */ = {isa = PBXBuildFile; fileRef = 3FD372FA289ACBF700EA1838 /* DetailViewController.swift */; };
		3FD372FF289AEC6A00EA1838 /* WebPageViewController.swift in Sources */ = {isa = PBXBuildFile; fileRef = 3FD372FE289AEC6A00EA1838 /* WebPageViewController.swift */; };
/* End PBXBuildFile section */

/* Begin PBXContainerItemProxy section */
		3FD3729A2899DC4200EA1838 /* PBXContainerItemProxy */ = {
			isa = PBXContainerItemProxy;
			containerPortal = 3FD3727B2899DC4000EA1838 /* Project object */;
			proxyType = 1;
			remoteGlobalIDString = 3FD372822899DC4000EA1838;
			remoteInfo = RacingAgainstExction;
		};
		3FD372A42899DC4200EA1838 /* PBXContainerItemProxy */ = {
			isa = PBXContainerItemProxy;
			containerPortal = 3FD3727B2899DC4000EA1838 /* Project object */;
			proxyType = 1;
			remoteGlobalIDString = 3FD372822899DC4000EA1838;
			remoteInfo = RacingAgainstExction;
		};
/* End PBXContainerItemProxy section */

/* Begin PBXFileReference section */
		3FD372832899DC4000EA1838 /* RacingAgainstExction.app */ = {isa = PBXFileReference; explicitFileType = wrapper.application; includeInIndex = 0; path = RacingAgainstExction.app; sourceTree = BUILT_PRODUCTS_DIR; };
		3FD372862899DC4000EA1838 /* AppDelegate.swift */ = {isa = PBXFileReference; lastKnownFileType = sourcecode.swift; path = AppDelegate.swift; sourceTree = "<group>"; };
		3FD372882899DC4000EA1838 /* SceneDelegate.swift */ = {isa = PBXFileReference; lastKnownFileType = sourcecode.swift; path = SceneDelegate.swift; sourceTree = "<group>"; };
		3FD3728A2899DC4000EA1838 /* HomePgViewController.swift */ = {isa = PBXFileReference; lastKnownFileType = sourcecode.swift; path = HomePgViewController.swift; sourceTree = "<group>"; };
		3FD3728D2899DC4000EA1838 /* Base */ = {isa = PBXFileReference; lastKnownFileType = file.storyboard; name = Base; path = Base.lproj/Main.storyboard; sourceTree = "<group>"; };
		3FD3728F2899DC4200EA1838 /* Assets.xcassets */ = {isa = PBXFileReference; lastKnownFileType = folder.assetcatalog; path = Assets.xcassets; sourceTree = "<group>"; };
		3FD372922899DC4200EA1838 /* Base */ = {isa = PBXFileReference; lastKnownFileType = file.storyboard; name = Base; path = Base.lproj/LaunchScreen.storyboard; sourceTree = "<group>"; };
		3FD372942899DC4200EA1838 /* Info.plist */ = {isa = PBXFileReference; lastKnownFileType = text.plist.xml; path = Info.plist; sourceTree = "<group>"; };
		3FD372992899DC4200EA1838 /* RacingAgainstExctionTests.xctest */ = {isa = PBXFileReference; explicitFileType = wrapper.cfbundle; includeInIndex = 0; path = RacingAgainstExctionTests.xctest; sourceTree = BUILT_PRODUCTS_DIR; };
		3FD3729D2899DC4200EA1838 /* RacingAgainstExctionTests.swift */ = {isa = PBXFileReference; lastKnownFileType = sourcecode.swift; path = RacingAgainstExctionTests.swift; sourceTree = "<group>"; };
		3FD372A32899DC4200EA1838 /* RacingAgainstExctionUITests.xctest */ = {isa = PBXFileReference; explicitFileType = wrapper.cfbundle; includeInIndex = 0; path = RacingAgainstExctionUITests.xctest; sourceTree = BUILT_PRODUCTS_DIR; };
		3FD372A72899DC4200EA1838 /* RacingAgainstExctionUITests.swift */ = {isa = PBXFileReference; lastKnownFileType = sourcecode.swift; path = RacingAgainstExctionUITests.swift; sourceTree = "<group>"; };
		3FD372A92899DC4200EA1838 /* RacingAgainstExctionUITestsLaunchTests.swift */ = {isa = PBXFileReference; lastKnownFileType = sourcecode.swift; path = RacingAgainstExctionUITestsLaunchTests.swift; sourceTree = "<group>"; };
		3FD372B62899F22B00EA1838 /* HpQuote.swift */ = {isa = PBXFileReference; lastKnownFileType = sourcecode.swift; path = HpQuote.swift; sourceTree = "<group>"; };
		3FD372B8289A207D00EA1838 /* AnimalTableViewController.swift */ = {isa = PBXFileReference; lastKnownFileType = sourcecode.swift; path = AnimalTableViewController.swift; sourceTree = "<group>"; };
		3FD372BA289A215900EA1838 /* AnimalTableViewCell.swift */ = {isa = PBXFileReference; lastKnownFileType = sourcecode.swift; path = AnimalTableViewCell.swift; sourceTree = "<group>"; };
		3FD372F8289AC8D500EA1838 /* Animal.swift */ = {isa = PBXFileReference; lastKnownFileType = sourcecode.swift; path = Animal.swift; sourceTree = "<group>"; };
		3FD372FA289ACBF700EA1838 /* DetailViewController.swift */ = {isa = PBXFileReference; lastKnownFileType = sourcecode.swift; path = DetailViewController.swift; sourceTree = "<group>"; };
		3FD372FE289AEC6A00EA1838 /* WebPageViewController.swift */ = {isa = PBXFileReference; lastKnownFileType = sourcecode.swift; path = WebPageViewController.swift; sourceTree = "<group>"; };
/* End PBXFileReference section */

/* Begin PBXFrameworksBuildPhase section */
		3FD372802899DC4000EA1838 /* Frameworks */ = {
			isa = PBXFrameworksBuildPhase;
			buildActionMask = 2147483647;
			files = (
			);
			runOnlyForDeploymentPostprocessing = 0;
		};
		3FD372962899DC4200EA1838 /* Frameworks */ = {
			isa = PBXFrameworksBuildPhase;
			buildActionMask = 2147483647;
			files = (
			);
			runOnlyForDeploymentPostprocessing = 0;
		};
		3FD372A02899DC4200EA1838 /* Frameworks */ = {
			isa = PBXFrameworksBuildPhase;
			buildActionMask = 2147483647;
			files = (
			);
			runOnlyForDeploymentPostprocessing = 0;
		};
/* End PBXFrameworksBuildPhase section */

/* Begin PBXGroup section */
		3FD3727A2899DC4000EA1838 = {
			isa = PBXGroup;
			children = (
				3FD372852899DC4000EA1838 /* RacingAgainstExction */,
				3FD3729C2899DC4200EA1838 /* RacingAgainstExctionTests */,
				3FD372A62899DC4200EA1838 /* RacingAgainstExctionUITests */,
				3FD372842899DC4000EA1838 /* Products */,
			);
			sourceTree = "<group>";
		};
		3FD372842899DC4000EA1838 /* Products */ = {
			isa = PBXGroup;
			children = (
				3FD372832899DC4000EA1838 /* RacingAgainstExction.app */,
				3FD372992899DC4200EA1838 /* RacingAgainstExctionTests.xctest */,
				3FD372A32899DC4200EA1838 /* RacingAgainstExctionUITests.xctest */,
			);
			name = Products;
			sourceTree = "<group>";
		};
		3FD372852899DC4000EA1838 /* RacingAgainstExction */ = {
			isa = PBXGroup;
			children = (
				3FD372862899DC4000EA1838 /* AppDelegate.swift */,
				3FD372882899DC4000EA1838 /* SceneDelegate.swift */,
				3FD3728C2899DC4000EA1838 /* Main.storyboard */,
				3FD372FE289AEC6A00EA1838 /* WebPageViewController.swift */,
				3FD372FA289ACBF700EA1838 /* DetailViewController.swift */,
				3FD372B8289A207D00EA1838 /* AnimalTableViewController.swift */,
				3FD372BA289A215900EA1838 /* AnimalTableViewCell.swift */,
				3FD372F8289AC8D500EA1838 /* Animal.swift */,
				3FD3728F2899DC4200EA1838 /* Assets.xcassets */,
				3FD372942899DC4200EA1838 /* Info.plist */,
				3FD3728A2899DC4000EA1838 /* HomePgViewController.swift */,
				3FD372B62899F22B00EA1838 /* HpQuote.swift */,
				3FD372912899DC4200EA1838 /* LaunchScreen.storyboard */,
			);
			path = RacingAgainstExction;
			sourceTree = "<group>";
		};
		3FD3729C2899DC4200EA1838 /* RacingAgainstExctionTests */ = {
			isa = PBXGroup;
			children = (
				3FD3729D2899DC4200EA1838 /* RacingAgainstExctionTests.swift */,
			);
			path = RacingAgainstExctionTests;
			sourceTree = "<group>";
		};
		3FD372A62899DC4200EA1838 /* RacingAgainstExctionUITests */ = {
			isa = PBXGroup;
			children = (
				3FD372A72899DC4200EA1838 /* RacingAgainstExctionUITests.swift */,
				3FD372A92899DC4200EA1838 /* RacingAgainstExctionUITestsLaunchTests.swift */,
			);
			path = RacingAgainstExctionUITests;
			sourceTree = "<group>";
		};
/* End PBXGroup section */

/* Begin PBXNativeTarget section */
		3FD372822899DC4000EA1838 /* RacingAgainstExction */ = {
			isa = PBXNativeTarget;
			buildConfigurationList = 3FD372AD2899DC4200EA1838 /* Build configuration list for PBXNativeTarget "RacingAgainstExction" */;
			buildPhases = (
				3FD3727F2899DC4000EA1838 /* Sources */,
				3FD372802899DC4000EA1838 /* Frameworks */,
				3FD372812899DC4000EA1838 /* Resources */,
			);
			buildRules = (
			);
			dependencies = (
			);
			name = RacingAgainstExction;
			productName = RacingAgainstExction;
			productReference = 3FD372832899DC4000EA1838 /* RacingAgainstExction.app */;
			productType = "com.apple.product-type.application";
		};
		3FD372982899DC4200EA1838 /* RacingAgainstExctionTests */ = {
			isa = PBXNativeTarget;
			buildConfigurationList = 3FD372B02899DC4200EA1838 /* Build configuration list for PBXNativeTarget "RacingAgainstExctionTests" */;
			buildPhases = (
				3FD372952899DC4200EA1838 /* Sources */,
				3FD372962899DC4200EA1838 /* Frameworks */,
				3FD372972899DC4200EA1838 /* Resources */,
			);
			buildRules = (
			);
			dependencies = (
				3FD3729B2899DC4200EA1838 /* PBXTargetDependency */,
			);
			name = RacingAgainstExctionTests;
			productName = RacingAgainstExctionTests;
			productReference = 3FD372992899DC4200EA1838 /* RacingAgainstExctionTests.xctest */;
			productType = "com.apple.product-type.bundle.unit-test";
		};
		3FD372A22899DC4200EA1838 /* RacingAgainstExctionUITests */ = {
			isa = PBXNativeTarget;
			buildConfigurationList = 3FD372B32899DC4200EA1838 /* Build configuration list for PBXNativeTarget "RacingAgainstExctionUITests" */;
			buildPhases = (
				3FD3729F2899DC4200EA1838 /* Sources */,
				3FD372A02899DC4200EA1838 /* Frameworks */,
				3FD372A12899DC4200EA1838 /* Resources */,
			);
			buildRules = (
			);
			dependencies = (
				3FD372A52899DC4200EA1838 /* PBXTargetDependency */,
			);
			name = RacingAgainstExctionUITests;
			productName = RacingAgainstExctionUITests;
			productReference = 3FD372A32899DC4200EA1838 /* RacingAgainstExctionUITests.xctest */;
			productType = "com.apple.product-type.bundle.ui-testing";
		};
/* End PBXNativeTarget section */

/* Begin PBXProject section */
		3FD3727B2899DC4000EA1838 /* Project object */ = {
			isa = PBXProject;
			attributes = {
				BuildIndependentTargetsInParallel = 1;
				LastSwiftUpdateCheck = 1340;
				LastUpgradeCheck = 1340;
				TargetAttributes = {
					3FD372822899DC4000EA1838 = {
						CreatedOnToolsVersion = 13.4;
					};
					3FD372982899DC4200EA1838 = {
						CreatedOnToolsVersion = 13.4;
						TestTargetID = 3FD372822899DC4000EA1838;
					};
					3FD372A22899DC4200EA1838 = {
						CreatedOnToolsVersion = 13.4;
						TestTargetID = 3FD372822899DC4000EA1838;
					};
				};
			};
			buildConfigurationList = 3FD3727E2899DC4000EA1838 /* Build configuration list for PBXProject "RacingAgainstExction" */;
			compatibilityVersion = "Xcode 13.0";
			developmentRegion = en;
			hasScannedForEncodings = 0;
			knownRegions = (
				en,
				Base,
			);
			mainGroup = 3FD3727A2899DC4000EA1838;
			productRefGroup = 3FD372842899DC4000EA1838 /* Products */;
			projectDirPath = "";
			projectRoot = "";
			targets = (
				3FD372822899DC4000EA1838 /* RacingAgainstExction */,
				3FD372982899DC4200EA1838 /* RacingAgainstExctionTests */,
				3FD372A22899DC4200EA1838 /* RacingAgainstExctionUITests */,
			);
		};
/* End PBXProject section */

/* Begin PBXResourcesBuildPhase section */
		3FD372812899DC4000EA1838 /* Resources */ = {
			isa = PBXResourcesBuildPhase;
			buildActionMask = 2147483647;
			files = (
				3FD372932899DC4200EA1838 /* LaunchScreen.storyboard in Resources */,
				3FD372902899DC4200EA1838 /* Assets.xcassets in Resources */,
				3FD3728E2899DC4000EA1838 /* Main.storyboard in Resources */,
			);
			runOnlyForDeploymentPostprocessing = 0;
		};
		3FD372972899DC4200EA1838 /* Resources */ = {
			isa = PBXResourcesBuildPhase;
			buildActionMask = 2147483647;
			files = (
			);
			runOnlyForDeploymentPostprocessing = 0;
		};
		3FD372A12899DC4200EA1838 /* Resources */ = {
			isa = PBXResourcesBuildPhase;
			buildActionMask = 2147483647;
			files = (
			);
			runOnlyForDeploymentPostprocessing = 0;
		};
/* End PBXResourcesBuildPhase section */

/* Begin PBXSourcesBuildPhase section */
		3FD3727F2899DC4000EA1838 /* Sources */ = {
			isa = PBXSourcesBuildPhase;
			buildActionMask = 2147483647;
			files = (
				3FD372FF289AEC6A00EA1838 /* WebPageViewController.swift in Sources */,
				3FD3728B2899DC4000EA1838 /* HomePgViewController.swift in Sources */,
				3FD372B9289A207D00EA1838 /* AnimalTableViewController.swift in Sources */,
				3FD372872899DC4000EA1838 /* AppDelegate.swift in Sources */,
				3FD372BB289A215900EA1838 /* AnimalTableViewCell.swift in Sources */,
				3FD372F9289AC8D500EA1838 /* Animal.swift in Sources */,
				3FD372B72899F22B00EA1838 /* HpQuote.swift in Sources */,
				3FD372892899DC4000EA1838 /* SceneDelegate.swift in Sources */,
				3FD372FB289ACBF700EA1838 /* DetailViewController.swift in Sources */,
			);
			runOnlyForDeploymentPostprocessing = 0;
		};
		3FD372952899DC4200EA1838 /* Sources */ = {
			isa = PBXSourcesBuildPhase;
			buildActionMask = 2147483647;
			files = (
				3FD3729E2899DC4200EA1838 /* RacingAgainstExctionTests.swift in Sources */,
			);
			runOnlyForDeploymentPostprocessing = 0;
		};
		3FD3729F2899DC4200EA1838 /* Sources */ = {
			isa = PBXSourcesBuildPhase;
			buildActionMask = 2147483647;
			files = (
				3FD372A82899DC4200EA1838 /* RacingAgainstExctionUITests.swift in Sources */,
				3FD372AA2899DC4200EA1838 /* RacingAgainstExctionUITestsLaunchTests.swift in Sources */,
			);
			runOnlyForDeploymentPostprocessing = 0;
		};
/* End PBXSourcesBuildPhase section */

/* Begin PBXTargetDependency section */
		3FD3729B2899DC4200EA1838 /* PBXTargetDependency */ = {
			isa = PBXTargetDependency;
			target = 3FD372822899DC4000EA1838 /* RacingAgainstExction */;
			targetProxy = 3FD3729A2899DC4200EA1838 /* PBXContainerItemProxy */;
		};
		3FD372A52899DC4200EA1838 /* PBXTargetDependency */ = {
			isa = PBXTargetDependency;
			target = 3FD372822899DC4000EA1838 /* RacingAgainstExction */;
			targetProxy = 3FD372A42899DC4200EA1838 /* PBXContainerItemProxy */;
		};
/* End PBXTargetDependency section */

/* Begin PBXVariantGroup section */
		3FD3728C2899DC4000EA1838 /* Main.storyboard */ = {
			isa = PBXVariantGroup;
			children = (
				3FD3728D2899DC4000EA1838 /* Base */,
			);
			name = Main.storyboard;
			sourceTree = "<group>";
		};
		3FD372912899DC4200EA1838 /* LaunchScreen.storyboard */ = {
			isa = PBXVariantGroup;
			children = (
				3FD372922899DC4200EA1838 /* Base */,
			);
			name = LaunchScreen.storyboard;
			sourceTree = "<group>";
		};
/* End PBXVariantGroup section */

/* Begin XCBuildConfiguration section */
		3FD372AB2899DC4200EA1838 /* Debug */ = {
			isa = XCBuildConfiguration;
			buildSettings = {
				ALWAYS_SEARCH_USER_PATHS = NO;
				CLANG_ANALYZER_NONNULL = YES;
				CLANG_ANALYZER_NUMBER_OBJECT_CONVERSION = YES_AGGRESSIVE;
				CLANG_CXX_LANGUAGE_STANDARD = "gnu++17";
				CLANG_ENABLE_MODULES = YES;
				CLANG_ENABLE_OBJC_ARC = YES;
				CLANG_ENABLE_OBJC_WEAK = YES;
				CLANG_WARN_BLOCK_CAPTURE_AUTORELEASING = YES;
				CLANG_WARN_BOOL_CONVERSION = YES;
				CLANG_WARN_COMMA = YES;
				CLANG_WARN_CONSTANT_CONVERSION = YES;
				CLANG_WARN_DEPRECATED_OBJC_IMPLEMENTATIONS = YES;
				CLANG_WARN_DIRECT_OBJC_ISA_USAGE = YES_ERROR;
				CLANG_WARN_DOCUMENTATION_COMMENTS = YES;
				CLANG_WARN_EMPTY_BODY = YES;
				CLANG_WARN_ENUM_CONVERSION = YES;
				CLANG_WARN_INFINITE_RECURSION = YES;
				CLANG_WARN_INT_CONVERSION = YES;
				CLANG_WARN_NON_LITERAL_NULL_CONVERSION = YES;
				CLANG_WARN_OBJC_IMPLICIT_RETAIN_SELF = YES;
				CLANG_WARN_OBJC_LITERAL_CONVERSION = YES;
				CLANG_WARN_OBJC_ROOT_CLASS = YES_ERROR;
				CLANG_WARN_QUOTED_INCLUDE_IN_FRAMEWORK_HEADER = YES;
				CLANG_WARN_RANGE_LOOP_ANALYSIS = YES;
				CLANG_WARN_STRICT_PROTOTYPES = YES;
				CLANG_WARN_SUSPICIOUS_MOVE = YES;
				CLANG_WARN_UNGUARDED_AVAILABILITY = YES_AGGRESSIVE;
				CLANG_WARN_UNREACHABLE_CODE = YES;
				CLANG_WARN__DUPLICATE_METHOD_MATCH = YES;
				COPY_PHASE_STRIP = NO;
				DEBUG_INFORMATION_FORMAT = dwarf;
				ENABLE_STRICT_OBJC_MSGSEND = YES;
				ENABLE_TESTABILITY = YES;
				GCC_C_LANGUAGE_STANDARD = gnu11;
				GCC_DYNAMIC_NO_PIC = NO;
				GCC_NO_COMMON_BLOCKS = YES;
				GCC_OPTIMIZATION_LEVEL = 0;
				GCC_PREPROCESSOR_DEFINITIONS = (
					"DEBUG=1",
					"$(inherited)",
				);
				GCC_WARN_64_TO_32_BIT_CONVERSION = YES;
				GCC_WARN_ABOUT_RETURN_TYPE = YES_ERROR;
				GCC_WARN_UNDECLARED_SELECTOR = YES;
				GCC_WARN_UNINITIALIZED_AUTOS = YES_AGGRESSIVE;
				GCC_WARN_UNUSED_FUNCTION = YES;
				GCC_WARN_UNUSED_VARIABLE = YES;
				IPHONEOS_DEPLOYMENT_TARGET = 15.5;
				MTL_ENABLE_DEBUG_INFO = INCLUDE_SOURCE;
				MTL_FAST_MATH = YES;
				ONLY_ACTIVE_ARCH = YES;
				SDKROOT = iphoneos;
				SWIFT_ACTIVE_COMPILATION_CONDITIONS = DEBUG;
				SWIFT_OPTIMIZATION_LEVEL = "-Onone";
			};
			name = Debug;
		};
		3FD372AC2899DC4200EA1838 /* Release */ = {
			isa = XCBuildConfiguration;
			buildSettings = {
				ALWAYS_SEARCH_USER_PATHS = NO;
				CLANG_ANALYZER_NONNULL = YES;
				CLANG_ANALYZER_NUMBER_OBJECT_CONVERSION = YES_AGGRESSIVE;
				CLANG_CXX_LANGUAGE_STANDARD = "gnu++17";
				CLANG_ENABLE_MODULES = YES;
				CLANG_ENABLE_OBJC_ARC = YES;
				CLANG_ENABLE_OBJC_WEAK = YES;
				CLANG_WARN_BLOCK_CAPTURE_AUTORELEASING = YES;
				CLANG_WARN_BOOL_CONVERSION = YES;
				CLANG_WARN_COMMA = YES;
				CLANG_WARN_CONSTANT_CONVERSION = YES;
				CLANG_WARN_DEPRECATED_OBJC_IMPLEMENTATIONS = YES;
				CLANG_WARN_DIRECT_OBJC_ISA_USAGE = YES_ERROR;
				CLANG_WARN_DOCUMENTATION_COMMENTS = YES;
				CLANG_WARN_EMPTY_BODY = YES;
				CLANG_WARN_ENUM_CONVERSION = YES;
				CLANG_WARN_INFINITE_RECURSION = YES;
				CLANG_WARN_INT_CONVERSION = YES;
				CLANG_WARN_NON_LITERAL_NULL_CONVERSION = YES;
				CLANG_WARN_OBJC_IMPLICIT_RETAIN_SELF = YES;
				CLANG_WARN_OBJC_LITERAL_CONVERSION = YES;
				CLANG_WARN_OBJC_ROOT_CLASS = YES_ERROR;
				CLANG_WARN_QUOTED_INCLUDE_IN_FRAMEWORK_HEADER = YES;
				CLANG_WARN_RANGE_LOOP_ANALYSIS = YES;
				CLANG_WARN_STRICT_PROTOTYPES = YES;
				CLANG_WARN_SUSPICIOUS_MOVE = YES;
				CLANG_WARN_UNGUARDED_AVAILABILITY = YES_AGGRESSIVE;
				CLANG_WARN_UNREACHABLE_CODE = YES;
				CLANG_WARN__DUPLICATE_METHOD_MATCH = YES;
				COPY_PHASE_STRIP = NO;
				DEBUG_INFORMATION_FORMAT = "dwarf-with-dsym";
				ENABLE_NS_ASSERTIONS = NO;
				ENABLE_STRICT_OBJC_MSGSEND = YES;
				GCC_C_LANGUAGE_STANDARD = gnu11;
				GCC_NO_COMMON_BLOCKS = YES;
				GCC_WARN_64_TO_32_BIT_CONVERSION = YES;
				GCC_WARN_ABOUT_RETURN_TYPE = YES_ERROR;
				GCC_WARN_UNDECLARED_SELECTOR = YES;
				GCC_WARN_UNINITIALIZED_AUTOS = YES_AGGRESSIVE;
				GCC_WARN_UNUSED_FUNCTION = YES;
				GCC_WARN_UNUSED_VARIABLE = YES;
				IPHONEOS_DEPLOYMENT_TARGET = 15.5;
				MTL_ENABLE_DEBUG_INFO = NO;
				MTL_FAST_MATH = YES;
				SDKROOT = iphoneos;
				SWIFT_COMPILATION_MODE = wholemodule;
				SWIFT_OPTIMIZATION_LEVEL = "-O";
				VALIDATE_PRODUCT = YES;
			};
			name = Release;
		};
		3FD372AE2899DC4200EA1838 /* Debug */ = {
			isa = XCBuildConfiguration;
			buildSettings = {
				ASSETCATALOG_COMPILER_APPICON_NAME = AppIcon;
				ASSETCATALOG_COMPILER_GLOBAL_ACCENT_COLOR_NAME = AccentColor;
				CODE_SIGN_STYLE = Automatic;
				CURRENT_PROJECT_VERSION = 1;
				GENERATE_INFOPLIST_FILE = YES;
				INFOPLIST_FILE = RacingAgainstExction/Info.plist;
				INFOPLIST_KEY_UIApplicationSupportsIndirectInputEvents = YES;
				INFOPLIST_KEY_UILaunchStoryboardName = LaunchScreen;
				INFOPLIST_KEY_UIMainStoryboardFile = Main;
				INFOPLIST_KEY_UISupportedInterfaceOrientations_iPad = "UIInterfaceOrientationPortrait UIInterfaceOrientationPortraitUpsideDown UIInterfaceOrientationLandscapeLeft UIInterfaceOrientationLandscapeRight";
				INFOPLIST_KEY_UISupportedInterfaceOrientations_iPhone = "UIInterfaceOrientationPortrait UIInterfaceOrientationLandscapeLeft UIInterfaceOrientationLandscapeRight";
				LD_RUNPATH_SEARCH_PATHS = (
					"$(inherited)",
					"@executable_path/Frameworks",
				);
				MARKETING_VERSION = 1.0;
				PRODUCT_BUNDLE_IDENTIFIER = GroupOne.RacingAgainstExction;
				PRODUCT_NAME = "$(TARGET_NAME)";
				SWIFT_EMIT_LOC_STRINGS = YES;
				SWIFT_VERSION = 5.0;
				TARGETED_DEVICE_FAMILY = "1,2";
			};
			name = Debug;
		};
		3FD372AF2899DC4200EA1838 /* Release */ = {
			isa = XCBuildConfiguration;
			buildSettings = {
				ASSETCATALOG_COMPILER_APPICON_NAME = AppIcon;
				ASSETCATALOG_COMPILER_GLOBAL_ACCENT_COLOR_NAME = AccentColor;
				CODE_SIGN_STYLE = Automatic;
				CURRENT_PROJECT_VERSION = 1;
				GENERATE_INFOPLIST_FILE = YES;
				INFOPLIST_FILE = RacingAgainstExction/Info.plist;
				INFOPLIST_KEY_UIApplicationSupportsIndirectInputEvents = YES;
				INFOPLIST_KEY_UILaunchStoryboardName = LaunchScreen;
				INFOPLIST_KEY_UIMainStoryboardFile = Main;
				INFOPLIST_KEY_UISupportedInterfaceOrientations_iPad = "UIInterfaceOrientationPortrait UIInterfaceOrientationPortraitUpsideDown UIInterfaceOrientationLandscapeLeft UIInterfaceOrientationLandscapeRight";
				INFOPLIST_KEY_UISupportedInterfaceOrientations_iPhone = "UIInterfaceOrientationPortrait UIInterfaceOrientationLandscapeLeft UIInterfaceOrientationLandscapeRight";
				LD_RUNPATH_SEARCH_PATHS = (
					"$(inherited)",
					"@executable_path/Frameworks",
				);
				MARKETING_VERSION = 1.0;
				PRODUCT_BUNDLE_IDENTIFIER = GroupOne.RacingAgainstExction;
				PRODUCT_NAME = "$(TARGET_NAME)";
				SWIFT_EMIT_LOC_STRINGS = YES;
				SWIFT_VERSION = 5.0;
				TARGETED_DEVICE_FAMILY = "1,2";
			};
			name = Release;
		};
		3FD372B12899DC4200EA1838 /* Debug */ = {
			isa = XCBuildConfiguration;
			buildSettings = {
				ALWAYS_EMBED_SWIFT_STANDARD_LIBRARIES = YES;
				BUNDLE_LOADER = "$(TEST_HOST)";
				CODE_SIGN_STYLE = Automatic;
				CURRENT_PROJECT_VERSION = 1;
				GENERATE_INFOPLIST_FILE = YES;
				IPHONEOS_DEPLOYMENT_TARGET = 15.5;
				MARKETING_VERSION = 1.0;
				PRODUCT_BUNDLE_IDENTIFIER = GroupOne.RacingAgainstExctionTests;
				PRODUCT_NAME = "$(TARGET_NAME)";
				SWIFT_EMIT_LOC_STRINGS = NO;
				SWIFT_VERSION = 5.0;
				TARGETED_DEVICE_FAMILY = "1,2";
				TEST_HOST = "$(BUILT_PRODUCTS_DIR)/RacingAgainstExction.app/RacingAgainstExction";
			};
			name = Debug;
		};
		3FD372B22899DC4200EA1838 /* Release */ = {
			isa = XCBuildConfiguration;
			buildSettings = {
				ALWAYS_EMBED_SWIFT_STANDARD_LIBRARIES = YES;
				BUNDLE_LOADER = "$(TEST_HOST)";
				CODE_SIGN_STYLE = Automatic;
				CURRENT_PROJECT_VERSION = 1;
				GENERATE_INFOPLIST_FILE = YES;
				IPHONEOS_DEPLOYMENT_TARGET = 15.5;
				MARKETING_VERSION = 1.0;
				PRODUCT_BUNDLE_IDENTIFIER = GroupOne.RacingAgainstExctionTests;
				PRODUCT_NAME = "$(TARGET_NAME)";
				SWIFT_EMIT_LOC_STRINGS = NO;
				SWIFT_VERSION = 5.0;
				TARGETED_DEVICE_FAMILY = "1,2";
				TEST_HOST = "$(BUILT_PRODUCTS_DIR)/RacingAgainstExction.app/RacingAgainstExction";
			};
			name = Release;
		};
		3FD372B42899DC4200EA1838 /* Debug */ = {
			isa = XCBuildConfiguration;
			buildSettings = {
				ALWAYS_EMBED_SWIFT_STANDARD_LIBRARIES = YES;
				CODE_SIGN_STYLE = Automatic;
				CURRENT_PROJECT_VERSION = 1;
				GENERATE_INFOPLIST_FILE = YES;
				MARKETING_VERSION = 1.0;
				PRODUCT_BUNDLE_IDENTIFIER = GroupOne.RacingAgainstExctionUITests;
				PRODUCT_NAME = "$(TARGET_NAME)";
				SWIFT_EMIT_LOC_STRINGS = NO;
				SWIFT_VERSION = 5.0;
				TARGETED_DEVICE_FAMILY = "1,2";
				TEST_TARGET_NAME = RacingAgainstExction;
			};
			name = Debug;
		};
		3FD372B52899DC4200EA1838 /* Release */ = {
			isa = XCBuildConfiguration;
			buildSettings = {
				ALWAYS_EMBED_SWIFT_STANDARD_LIBRARIES = YES;
				CODE_SIGN_STYLE = Automatic;
				CURRENT_PROJECT_VERSION = 1;
				GENERATE_INFOPLIST_FILE = YES;
				MARKETING_VERSION = 1.0;
				PRODUCT_BUNDLE_IDENTIFIER = GroupOne.RacingAgainstExctionUITests;
				PRODUCT_NAME = "$(TARGET_NAME)";
				SWIFT_EMIT_LOC_STRINGS = NO;
				SWIFT_VERSION = 5.0;
				TARGETED_DEVICE_FAMILY = "1,2";
				TEST_TARGET_NAME = RacingAgainstExction;
			};
			name = Release;
		};
/* End XCBuildConfiguration section */

/* Begin XCConfigurationList section */
		3FD3727E2899DC4000EA1838 /* Build configuration list for PBXProject "RacingAgainstExction" */ = {
			isa = XCConfigurationList;
			buildConfigurations = (
				3FD372AB2899DC4200EA1838 /* Debug */,
				3FD372AC2899DC4200EA1838 /* Release */,
			);
			defaultConfigurationIsVisible = 0;
			defaultConfigurationName = Release;
		};
		3FD372AD2899DC4200EA1838 /* Build configuration list for PBXNativeTarget "RacingAgainstExction" */ = {
			isa = XCConfigurationList;
			buildConfigurations = (
				3FD372AE2899DC4200EA1838 /* Debug */,
				3FD372AF2899DC4200EA1838 /* Release */,
			);
			defaultConfigurationIsVisible = 0;
			defaultConfigurationName = Release;
		};
		3FD372B02899DC4200EA1838 /* Build configuration list for PBXNativeTarget "RacingAgainstExctionTests" */ = {
			isa = XCConfigurationList;
			buildConfigurations = (
				3FD372B12899DC4200EA1838 /* Debug */,
				3FD372B22899DC4200EA1838 /* Release */,
			);
			defaultConfigurationIsVisible = 0;
			defaultConfigurationName = Release;
		};
		3FD372B32899DC4200EA1838 /* Build configuration list for PBXNativeTarget "RacingAgainstExctionUITests" */ = {
			isa = XCConfigurationList;
			buildConfigurations = (
				3FD372B42899DC4200EA1838 /* Debug */,
				3FD372B52899DC4200EA1838 /* Release */,
			);
			defaultConfigurationIsVisible = 0;
			defaultConfigurationName = Release;
		};
/* End XCConfigurationList section */
	};
	rootObject = 3FD3727B2899DC4000EA1838 /* Project object */;
}
